
Microsoft Visual Studio Solution File, Format Version 12.00
# Visual Studio 15
VisualStudioVersion = 15.0.28010.2036
MinimumVisualStudioVersion = 10.0.40219.1
Project("{8BC9CEB8-8B4A-11D0-8D11-00A0C91BC942}") = "btree", "btree\btree.vcxproj", "{A13D1EF3-C5F0-4A32-9BEE-2D77B580A2FE}"
EndProject
Global
	GlobalSection(SolutionConfigurationPlatforms) = preSolution
		Debug|x64 = Debug|x64
		Debug|x86 = Debug|x86
		Release|x64 = Release|x64
		Release|x86 = Release|x86
	EndGlobalSection
	GlobalSection(ProjectConfigurationPlatforms) = postSolution
		{A13D1EF3-C5F0-4A32-9BEE-2D77B580A2FE}.Debug|x64.ActiveCfg = Debug|x64
		{A13D1EF3-C5F0-4A32-9BEE-2D77B580A2FE}.Debug|x64.Build.0 = Debug|x64
		{A13D1EF3-C5F0-4A32-9BEE-2D77B580A2FE}.Debug|x86.ActiveCfg = Debug|Win32
		{A13D1EF3-C5F0-4A32-9BEE-2D77B580A2FE}.Debug|x86.Build.0 = Debug|Win32
		{A13D1EF3-C5F0-4A32-9BEE-2D77B580A2FE}.Release|x64.ActiveCfg = Release|x64
		{A13D1EF3-C5F0-4A32-9BEE-2D77B580A2FE}.Release|x64.Build.0 = Release|x64
		{A13D1EF3-C5F0-4A32-9BEE-2D77B580A2FE}.Release|x86.ActiveCfg = Release|Win32
		{A13D1EF3-C5F0-4A32-9BEE-2D77B580A2FE}.Release|x86.Build.0 = Release|Win32
	EndGlobalSection
	GlobalSection(SolutionProperties) = preSolution
		HideSolutionNode = FALSE
	EndGlobalSection
	GlobalSection(ExtensibilityGlobals) = postSolution
		SolutionGuid = {C7321D49-111D-419D-9CF1-AB97FD018F07}
	EndGlobalSection
EndGlobal
