
Microsoft Visual Studio Solution File, Format Version 12.00
# Visual Studio 15
VisualStudioVersion = 15.0.28010.2036
MinimumVisualStudioVersion = 10.0.40219.1
Project("{8BC9CEB8-8B4A-11D0-8D11-00A0C91BC942}") = "Очередь", "Очередь\Очередь.vcxproj", "{08ABC277-FCE2-4610-BFB2-5A73F92F066F}"
EndProject
Global
	GlobalSection(SolutionConfigurationPlatforms) = preSolution
		Debug|x64 = Debug|x64
		Debug|x86 = Debug|x86
		Release|x64 = Release|x64
		Release|x86 = Release|x86
	EndGlobalSection
	GlobalSection(ProjectConfigurationPlatforms) = postSolution
		{08ABC277-FCE2-4610-BFB2-5A73F92F066F}.Debug|x64.ActiveCfg = Debug|x64
		{08ABC277-FCE2-4610-BFB2-5A73F92F066F}.Debug|x64.Build.0 = Debug|x64
		{08ABC277-FCE2-4610-BFB2-5A73F92F066F}.Debug|x86.ActiveCfg = Debug|Win32
		{08ABC277-FCE2-4610-BFB2-5A73F92F066F}.Debug|x86.Build.0 = Debug|Win32
		{08ABC277-FCE2-4610-BFB2-5A73F92F066F}.Release|x64.ActiveCfg = Release|x64
		{08ABC277-FCE2-4610-BFB2-5A73F92F066F}.Release|x64.Build.0 = Release|x64
		{08ABC277-FCE2-4610-BFB2-5A73F92F066F}.Release|x86.ActiveCfg = Release|Win32
		{08ABC277-FCE2-4610-BFB2-5A73F92F066F}.Release|x86.Build.0 = Release|Win32
	EndGlobalSection
	GlobalSection(SolutionProperties) = preSolution
		HideSolutionNode = FALSE
	EndGlobalSection
	GlobalSection(ExtensibilityGlobals) = postSolution
		SolutionGuid = {45EF4A18-B5E2-4125-AC37-56B40A291105}
	EndGlobalSection
EndGlobal
